
Microsoft Visual Studio Solution File, Format Version 12.00
# Visual Studio Version 17
VisualStudioVersion = 17.7.34024.191
MinimumVisualStudioVersion = 10.0.40219.1
Project("{FAE04EC0-301F-11D3-BF4B-00C04F79EFBC}") = "AreaTrianguloForms", "AreaTrianguloForms\AreaTrianguloForms.csproj", "{F73915BF-9E70-467A-AC30-A87BC2535A04}"
EndProject
Global
	GlobalSection(SolutionConfigurationPlatforms) = preSolution
		Debug|Any CPU = Debug|Any CPU
		Release|Any CPU = Release|Any CPU
	EndGlobalSection
	GlobalSection(ProjectConfigurationPlatforms) = postSolution
		{F73915BF-9E70-467A-AC30-A87BC2535A04}.Debug|Any CPU.ActiveCfg = Debug|Any CPU
		{F73915BF-9E70-467A-AC30-A87BC2535A04}.Debug|Any CPU.Build.0 = Debug|Any CPU
		{F73915BF-9E70-467A-AC30-A87BC2535A04}.Release|Any CPU.ActiveCfg = Release|Any CPU
		{F73915BF-9E70-467A-AC30-A87BC2535A04}.Release|Any CPU.Build.0 = Release|Any CPU
	EndGlobalSection
	GlobalSection(SolutionProperties) = preSolution
		HideSolutionNode = FALSE
	EndGlobalSection
	GlobalSection(ExtensibilityGlobals) = postSolution
		SolutionGuid = {49E75976-4532-40DB-8AA6-317D6BA9E35D}
	EndGlobalSection
EndGlobal
